<?xml version="1.0" encoding="utf-8"?>
<Project ToolsVersion="4.0" xmlns="http://schemas.microsoft.com/developer/msbuild/2003">
  <ItemGroup>
    <Filter Include="Header Files">
      <UniqueIdentifier>{93995380-89BD-4b04-88EB-625FBE52EBFB}</UniqueIdentifier>
      <Extensions>h;hh;hpp;hxx;hm;inl;inc;xsd</Extensions>
      <ParseFiles>true</ParseFiles>
    </Filter>
    <Filter Include="Source Files">
      <UniqueIdentifier>{4FC737F1-C7A5-4376-A066-2A32D752A2FF}</UniqueIdentifier>
      <Extensions>cpp;c;cc;cxx;def;odl;idl;hpj;bat;asm;asmx</Extensions>
      <ParseFiles>true</ParseFiles>
    </Filter>
    <Filter Include="Resource Files">
      <UniqueIdentifier>{D9D6E242-F8AF-46E4-B9FD-80ECBC20BA3E}</UniqueIdentifier>
      <Extensions>qrc;*</Extensions>
      <ParseFiles>false</ParseFiles>
    </Filter>
    <Filter Include="Header Files\Menu">
      <UniqueIdentifier>{828486a3-eca7-4fcf-ba32-1810aff38a68}</UniqueIdentifier>
    </Filter>
    <Filter Include="Header Files\Precompiled Headers">
      <UniqueIdentifier>{bd9fba7f-71f5-4fce-83b2-79fe00bd08d4}</UniqueIdentifier>
    </Filter>
    <Filter Include="Header Files\Precompiled Headers\Message">
      <UniqueIdentifier>{9c00a9e8-fcde-4150-8261-b70a38f548cb}</UniqueIdentifier>
    </Filter>
    <Filter Include="Header Files\Program">
      <UniqueIdentifier>{daab8a57-e38c-4341-9fda-f4196a05c724}</UniqueIdentifier>
    </Filter>
    <Filter Include="Header Files\Utilities">
      <UniqueIdentifier>{b4d95dae-8bfa-4a5a-9ef8-a7950486879d}</UniqueIdentifier>
    </Filter>
    <Filter Include="Header Files\View">
      <UniqueIdentifier>{0720154b-d41f-40e1-942d-f34200a2bccc}</UniqueIdentifier>
    </Filter>
  </ItemGroup>
  <ItemGroup>
    <QtMoc Include="console_listener.h">
      <Filter>Header Files</Filter>
    </QtMoc>
    <QtMoc Include="menu_base.h">
      <Filter>Header Files\Menu</Filter>
    </QtMoc>
    <QtMoc Include="sub_menu.h">
      <Filter>Header Files\Menu</Filter>
    </QtMoc>
    <QtMoc Include="menu_item.h">
      <Filter>Header Files\Menu</Filter>
    </QtMoc>
    <QtMoc Include="view_base.h">
      <Filter>Header Files\View</Filter>
    </QtMoc>
    <QtMoc Include="main_view.h">
      <Filter>Header Files\View</Filter>
    </QtMoc>
  </ItemGroup>
  <ItemGroup>
    <ClInclude Include="console.h">
      <Filter>Header Files\Utilities</Filter>
    </ClInclude>
    <ClInclude Include="pch.h">
      <Filter>Header Files\Precompiled Headers</Filter>
    </ClInclude>
    <ClInclude Include="message.h">
      <Filter>Header Files\Precompiled Headers\Message</Filter>
    </ClInclude>
    <ClInclude Include="menu.h">
      <Filter>Header Files\Menu</Filter>
    </ClInclude>
    <ClInclude Include="menu_defines.h">
      <Filter>Header Files\Menu</Filter>
    </ClInclude>
    <ClInclude Include="menu_style.h">
      <Filter>Header Files\Menu</Filter>
    </ClInclude>
    <ClInclude Include="menu_renderer.h">
      <Filter>Header Files\Menu</Filter>
    </ClInclude>
    <ClInclude Include="view.h">
      <Filter>Header Files\View</Filter>
    </ClInclude>
  </ItemGroup>
  <ItemGroup>
    <None Include="defines.inl">
      <Filter>Header Files\Precompiled Headers</Filter>
    </None>
    <None Include="macros.inl">
      <Filter>Header Files\Precompiled Headers</Filter>
    </None>
  </ItemGroup>
  <ItemGroup>
    <ClCompile Include="console_listener.cpp">
      <Filter>Source Files</Filter>
    </ClCompile>
    <ClCompile Include="console.cpp">
      <Filter>Source Files</Filter>
    </ClCompile>
    <ClCompile Include="main.cpp">
      <Filter>Source Files</Filter>
    </ClCompile>
    <ClCompile Include="pch.cpp">
      <Filter>Source Files</Filter>
    </ClCompile>
    <ClCompile Include="menu_base.cpp">
      <Filter>Source Files</Filter>
    </ClCompile>
    <ClCompile Include="sub_menu.cpp">
      <Filter>Source Files</Filter>
    </ClCompile>
    <ClCompile Include="menu_item.cpp">
      <Filter>Source Files</Filter>
    </ClCompile>
    <ClCompile Include="menu_renderer.cpp">
      <Filter>Source Files</Filter>
    </ClCompile>
    <ClCompile Include="menu_style.cpp">
      <Filter>Source Files</Filter>
    </ClCompile>
    <ClCompile Include="view_base.cpp">
      <Filter>Source Files</Filter>
    </ClCompile>
    <ClCompile Include="main_view.cpp">
      <Filter>Source Files</Filter>
    </ClCompile>
  </ItemGroup>
</Project>